
Microsoft Visual Studio Solution File, Format Version 12.00
# Visual Studio Version 17
VisualStudioVersion = 17.7.34031.279
MinimumVisualStudioVersion = 10.0.40219.1
Project("{FAE04EC0-301F-11D3-BF4B-00C04F79EFBC}") = "Vector", "Vector.csproj", "{012AB4DF-6986-4104-AA5B-185A3A8A842B}"
EndProject
Global
	GlobalSection(SolutionConfigurationPlatforms) = preSolution
		Debug|Any CPU = Debug|Any CPU
		Release|Any CPU = Release|Any CPU
	EndGlobalSection
	GlobalSection(ProjectConfigurationPlatforms) = postSolution
		{012AB4DF-6986-4104-AA5B-185A3A8A842B}.Debug|Any CPU.ActiveCfg = Debug|Any CPU
		{012AB4DF-6986-4104-AA5B-185A3A8A842B}.Debug|Any CPU.Build.0 = Debug|Any CPU
		{012AB4DF-6986-4104-AA5B-185A3A8A842B}.Release|Any CPU.ActiveCfg = Release|Any CPU
		{012AB4DF-6986-4104-AA5B-185A3A8A842B}.Release|Any CPU.Build.0 = Release|Any CPU
	EndGlobalSection
	GlobalSection(SolutionProperties) = preSolution
		HideSolutionNode = FALSE
	EndGlobalSection
	GlobalSection(ExtensibilityGlobals) = postSolution
		SolutionGuid = {61F77D6C-AA2C-4CBE-A432-A653D096C608}
	EndGlobalSection
EndGlobal
